
Microsoft Visual Studio Solution File, Format Version 12.00
# Visual Studio Version 16
VisualStudioVersion = 16.0.30309.148
MinimumVisualStudioVersion = 10.0.40219.1
Project("{9A19103F-16F7-4668-BE54-9A1E7A4F7556}") = "Library", "Library\Library.csproj", "{4C0057FA-8184-482B-9687-659A83D92EFA}"
EndProject
Project("{9A19103F-16F7-4668-BE54-9A1E7A4F7556}") = "FrontendAPI", "FrontendAPI\FrontendAPI.csproj", "{402DEBD5-6135-436A-8A33-2EF1AFD47626}"
EndProject
Project("{9A19103F-16F7-4668-BE54-9A1E7A4F7556}") = "Interfaces", "Interfaces\Interfaces.csproj", "{E3344BE1-4447-45B8-AD11-70E78992067C}"
EndProject
Project("{9A19103F-16F7-4668-BE54-9A1E7A4F7556}") = "Tracker", "Tracker\Tracker.csproj", "{68EEA0EA-F0DA-4C4D-93D8-CBDAD6CAF058}"
EndProject
Project("{9A19103F-16F7-4668-BE54-9A1E7A4F7556}") = "AnimaAPI", "AnimaAPI\AnimaAPI.csproj", "{94A2DB9D-91FB-4952-BA82-E517EE80E408}"
EndProject
Project("{2150E333-8FDC-42A3-9474-1A3956D46DE8}") = "Backend", "Backend", "{503DC032-A53F-44AB-8EEA-C2FC231D1886}"
EndProject
Project("{9A19103F-16F7-4668-BE54-9A1E7A4F7556}") = "MageAPI", "MageAPI\MageAPI.csproj", "{E8F246F5-50D7-4829-8D83-D8D7293A7642}"
EndProject
Project("{2150E333-8FDC-42A3-9474-1A3956D46DE8}") = "Frontend", "Frontend", "{6C3C91C1-EAFC-464E-9850-0038635E16D7}"
EndProject
Project("{2150E333-8FDC-42A3-9474-1A3956D46DE8}") = "Shared", "Shared", "{F67ABBD4-E326-40E1-B0F1-4690FC79A8AF}"
EndProject
Global
	GlobalSection(SolutionConfigurationPlatforms) = preSolution
		Debug|Any CPU = Debug|Any CPU
		Release|Any CPU = Release|Any CPU
	EndGlobalSection
	GlobalSection(ProjectConfigurationPlatforms) = postSolution
		{4C0057FA-8184-482B-9687-659A83D92EFA}.Debug|Any CPU.ActiveCfg = Debug|Any CPU
		{4C0057FA-8184-482B-9687-659A83D92EFA}.Debug|Any CPU.Build.0 = Debug|Any CPU
		{4C0057FA-8184-482B-9687-659A83D92EFA}.Release|Any CPU.ActiveCfg = Release|Any CPU
		{4C0057FA-8184-482B-9687-659A83D92EFA}.Release|Any CPU.Build.0 = Release|Any CPU
		{402DEBD5-6135-436A-8A33-2EF1AFD47626}.Debug|Any CPU.ActiveCfg = Debug|Any CPU
		{402DEBD5-6135-436A-8A33-2EF1AFD47626}.Debug|Any CPU.Build.0 = Debug|Any CPU
		{402DEBD5-6135-436A-8A33-2EF1AFD47626}.Release|Any CPU.ActiveCfg = Release|Any CPU
		{402DEBD5-6135-436A-8A33-2EF1AFD47626}.Release|Any CPU.Build.0 = Release|Any CPU
		{E3344BE1-4447-45B8-AD11-70E78992067C}.Debug|Any CPU.ActiveCfg = Debug|Any CPU
		{E3344BE1-4447-45B8-AD11-70E78992067C}.Debug|Any CPU.Build.0 = Debug|Any CPU
		{E3344BE1-4447-45B8-AD11-70E78992067C}.Release|Any CPU.ActiveCfg = Release|Any CPU
		{E3344BE1-4447-45B8-AD11-70E78992067C}.Release|Any CPU.Build.0 = Release|Any CPU
		{68EEA0EA-F0DA-4C4D-93D8-CBDAD6CAF058}.Debug|Any CPU.ActiveCfg = Debug|Any CPU
		{68EEA0EA-F0DA-4C4D-93D8-CBDAD6CAF058}.Debug|Any CPU.Build.0 = Debug|Any CPU
		{68EEA0EA-F0DA-4C4D-93D8-CBDAD6CAF058}.Release|Any CPU.ActiveCfg = Release|Any CPU
		{68EEA0EA-F0DA-4C4D-93D8-CBDAD6CAF058}.Release|Any CPU.Build.0 = Release|Any CPU
		{94A2DB9D-91FB-4952-BA82-E517EE80E408}.Debug|Any CPU.ActiveCfg = Debug|Any CPU
		{94A2DB9D-91FB-4952-BA82-E517EE80E408}.Debug|Any CPU.Build.0 = Debug|Any CPU
		{94A2DB9D-91FB-4952-BA82-E517EE80E408}.Release|Any CPU.ActiveCfg = Release|Any CPU
		{94A2DB9D-91FB-4952-BA82-E517EE80E408}.Release|Any CPU.Build.0 = Release|Any CPU
		{E8F246F5-50D7-4829-8D83-D8D7293A7642}.Debug|Any CPU.ActiveCfg = Debug|Any CPU
		{E8F246F5-50D7-4829-8D83-D8D7293A7642}.Debug|Any CPU.Build.0 = Debug|Any CPU
		{E8F246F5-50D7-4829-8D83-D8D7293A7642}.Release|Any CPU.ActiveCfg = Release|Any CPU
		{E8F246F5-50D7-4829-8D83-D8D7293A7642}.Release|Any CPU.Build.0 = Release|Any CPU
	EndGlobalSection
	GlobalSection(SolutionProperties) = preSolution
		HideSolutionNode = FALSE
	EndGlobalSection
	GlobalSection(NestedProjects) = preSolution
		{4C0057FA-8184-482B-9687-659A83D92EFA} = {F67ABBD4-E326-40E1-B0F1-4690FC79A8AF}
		{402DEBD5-6135-436A-8A33-2EF1AFD47626} = {6C3C91C1-EAFC-464E-9850-0038635E16D7}
		{E3344BE1-4447-45B8-AD11-70E78992067C} = {F67ABBD4-E326-40E1-B0F1-4690FC79A8AF}
		{68EEA0EA-F0DA-4C4D-93D8-CBDAD6CAF058} = {F67ABBD4-E326-40E1-B0F1-4690FC79A8AF}
		{94A2DB9D-91FB-4952-BA82-E517EE80E408} = {503DC032-A53F-44AB-8EEA-C2FC231D1886}
		{E8F246F5-50D7-4829-8D83-D8D7293A7642} = {503DC032-A53F-44AB-8EEA-C2FC231D1886}
	EndGlobalSection
	GlobalSection(ExtensibilityGlobals) = postSolution
		SolutionGuid = {E0FC6130-422B-4806-B56F-09A2A9259042}
	EndGlobalSection
EndGlobal
